// !$*UTF8*$!
{
	archiveVersion = 1;
	classes = {
	};
	objectVersion = 50;
	objects = {

/* Begin PBXBuildFile section */
		1921F8EC24B5CECB00816FD7 /* Data.swift in Sources */ = {isa = PBXBuildFile; fileRef = 1921F8EB24B5CECB00816FD7 /* Data.swift */; };
		1936CA8424742C5B00B5F5B4 /* StatusBar.swift in Sources */ = {isa = PBXBuildFile; fileRef = 1936CA8324742C5B00B5F5B4 /* StatusBar.swift */; };
		1936CA8624742D6800B5F5B4 /* SudokuGridView.swift in Sources */ = {isa = PBXBuildFile; fileRef = 1936CA8524742D6800B5F5B4 /* SudokuGridView.swift */; };
		1954D09325C42A3B00FD5235 /* SettingsSwitch.swift in Sources */ = {isa = PBXBuildFile; fileRef = 1954D09225C42A3B00FD5235 /* SettingsSwitch.swift */; };
		1954D09825C44B5F00FD5235 /* SettingsButton.swift in Sources */ = {isa = PBXBuildFile; fileRef = 1954D09725C44B5F00FD5235 /* SettingsButton.swift */; };
		1963DC6028BE9D35003334EE /* Localizable.strings in Resources */ = {isa = PBXBuildFile; fileRef = 1963DC6228BE9D35003334EE /* Localizable.strings */; };
		1971836B247430F20031B501 /* Keyboard.swift in Sources */ = {isa = PBXBuildFile; fileRef = 1971836A247430F20031B501 /* Keyboard.swift */; };
		1971836D247441FF0031B501 /* SudokuBlockView.swift in Sources */ = {isa = PBXBuildFile; fileRef = 1971836C247441FF0031B501 /* SudokuBlockView.swift */; };
		1971836F247442D00031B501 /* SudokuFieldView.swift in Sources */ = {isa = PBXBuildFile; fileRef = 1971836E247442D00031B501 /* SudokuFieldView.swift */; };
		1971837324744D850031B501 /* Position.swift in Sources */ = {isa = PBXBuildFile; fileRef = 1971837224744D850031B501 /* Position.swift */; };
		19741F8A25C5611100FA94CB /* Difficulty.swift in Sources */ = {isa = PBXBuildFile; fileRef = 19741F8925C5611100FA94CB /* Difficulty.swift */; };
		19741F8E25C578FE00FA94CB /* EndCardView.swift in Sources */ = {isa = PBXBuildFile; fileRef = 19741F8D25C578FE00FA94CB /* EndCardView.swift */; };
		1977F760249CF950008C0736 /* Timer.swift in Sources */ = {isa = PBXBuildFile; fileRef = 1977F75F249CF950008C0736 /* Timer.swift */; };
		1978974D260C7D9A009FFBDE /* NotesCheck.swift in Sources */ = {isa = PBXBuildFile; fileRef = 1978974C260C7D9A009FFBDE /* NotesCheck.swift */; };
		1983564F2469ADDC00A718BF /* AppDelegate.swift in Sources */ = {isa = PBXBuildFile; fileRef = 1983564E2469ADDC00A718BF /* AppDelegate.swift */; };
		198356512469ADDC00A718BF /* SceneDelegate.swift in Sources */ = {isa = PBXBuildFile; fileRef = 198356502469ADDC00A718BF /* SceneDelegate.swift */; };
		198356552469ADDD00A718BF /* Assets.xcassets in Resources */ = {isa = PBXBuildFile; fileRef = 198356542469ADDD00A718BF /* Assets.xcassets */; };
		198356582469ADDD00A718BF /* Preview Assets.xcassets in Resources */ = {isa = PBXBuildFile; fileRef = 198356572469ADDD00A718BF /* Preview Assets.xcassets */; };
		1983565B2469ADDD00A718BF /* LaunchScreen.storyboard in Resources */ = {isa = PBXBuildFile; fileRef = 198356592469ADDD00A718BF /* LaunchScreen.storyboard */; };
		1989812A25C83C7C009BAAC3 /* EndCardStatistics.swift in Sources */ = {isa = PBXBuildFile; fileRef = 1989812925C83C7C009BAAC3 /* EndCardStatistics.swift */; };
		1989812D25C84496009BAAC3 /* StatisticsCard.swift in Sources */ = {isa = PBXBuildFile; fileRef = 1989812C25C84496009BAAC3 /* StatisticsCard.swift */; };
		199FF2902609F09900CB76F8 /* LinkShortener.swift in Sources */ = {isa = PBXBuildFile; fileRef = 199FF28F2609F09900CB76F8 /* LinkShortener.swift */; };
		199FF2942609F34400CB76F8 /* ShareClass.swift in Sources */ = {isa = PBXBuildFile; fileRef = 199FF2932609F34400CB76F8 /* ShareClass.swift */; };
		199FF297260A20B700CB76F8 /* Colors.xcassets in Resources */ = {isa = PBXBuildFile; fileRef = 199FF296260A20B700CB76F8 /* Colors.xcassets */; };
		19AE0CFE2803148900D81B10 /* SudokuTests.swift in Sources */ = {isa = PBXBuildFile; fileRef = 19AE0CFD2803148900D81B10 /* SudokuTests.swift */; };
		19F5D29A25C1AD52000C5B37 /* SettingsView.swift in Sources */ = {isa = PBXBuildFile; fileRef = 19F5D29925C1AD52000C5B37 /* SettingsView.swift */; };
		19F5D29F25C1ADEA000C5B37 /* StatisticsView.swift in Sources */ = {isa = PBXBuildFile; fileRef = 19F5D29E25C1ADEA000C5B37 /* StatisticsView.swift */; };
		19F5D2AB25C1B179000C5B37 /* SudokuView.swift in Sources */ = {isa = PBXBuildFile; fileRef = 19F5D2AA25C1B179000C5B37 /* SudokuView.swift */; };
		19F6BFD727ED0065005558D4 /* Sudoku.c in Sources */ = {isa = PBXBuildFile; fileRef = 19F6BFD227ED0064005558D4 /* Sudoku.c */; };
		19F6BFD827ED0065005558D4 /* Block.c in Sources */ = {isa = PBXBuildFile; fileRef = 19F6BFD427ED0064005558D4 /* Block.c */; };
		19F6BFD927ED0065005558D4 /* CMakeLists.txt in Resources */ = {isa = PBXBuildFile; fileRef = 19F6BFD527ED0065005558D4 /* CMakeLists.txt */; };
		19F6BFDA27ED0065005558D4 /* Number.c in Sources */ = {isa = PBXBuildFile; fileRef = 19F6BFD627ED0065005558D4 /* Number.c */; };
		19F6BFDC27ED00A8005558D4 /* Generator.swift in Sources */ = {isa = PBXBuildFile; fileRef = 19F6BFDB27ED00A8005558D4 /* Generator.swift */; };
		19F6BFDE27ED01FB005558D4 /* Sudoku.swift in Sources */ = {isa = PBXBuildFile; fileRef = 19F6BFDD27ED01FB005558D4 /* Sudoku.swift */; };
		19F6BFE027ED0203005558D4 /* Block.swift in Sources */ = {isa = PBXBuildFile; fileRef = 19F6BFDF27ED0203005558D4 /* Block.swift */; };
		19F6BFE227ED020D005558D4 /* Number.swift in Sources */ = {isa = PBXBuildFile; fileRef = 19F6BFE127ED020D005558D4 /* Number.swift */; };
		19F8E2D7247D46D400DB8EBD /* FieldColor.swift in Sources */ = {isa = PBXBuildFile; fileRef = 19F8E2D6247D46D400DB8EBD /* FieldColor.swift */; };
		1EC0D0047731E178F073D7E1 /* StatisticsTests.swift in Sources */ = {isa = PBXBuildFile; fileRef = 1EC0D1C1D256F1DCEE897514 /* StatisticsTests.swift */; };
		1EC0D0722B86CAAFED1C5543 /* ShareClassTests.swift in Sources */ = {isa = PBXBuildFile; fileRef = 1EC0DC693B72B4BAC81BDEB9 /* ShareClassTests.swift */; };
		1EC0D559A5F6853997501FBE /* MainModel.swift in Sources */ = {isa = PBXBuildFile; fileRef = 1EC0DC481CF518F3B1ACA0C6 /* MainModel.swift */; };
		1EC0D69066D797E6DE2C6C41 /* LinkShortenerTests.swift in Sources */ = {isa = PBXBuildFile; fileRef = 1EC0D55ADE94D3C619A71D22 /* LinkShortenerTests.swift */; };
		1EC0D727715CC530E8847A62 /* Statistics.swift in Sources */ = {isa = PBXBuildFile; fileRef = 1EC0D037539C66440171D4F7 /* Statistics.swift */; };
		1EC0D9F842CDEBF89FCB39B5 /* NumberTests.swift in Sources */ = {isa = PBXBuildFile; fileRef = 1EC0DDDD3A7E7CC382D763CF /* NumberTests.swift */; };
/* End PBXBuildFile section */

/* Begin PBXContainerItemProxy section */
		19AE0CF82803143000D81B10 /* PBXContainerItemProxy */ = {
			isa = PBXContainerItemProxy;
			containerPortal = 198356432469ADDC00A718BF /* Project object */;
			proxyType = 1;
			remoteGlobalIDString = 1983564A2469ADDC00A718BF;
			remoteInfo = Sudoku;
		};
/* End PBXContainerItemProxy section */

/* Begin PBXFileReference section */
		1921F8EB24B5CECB00816FD7 /* Data.swift */ = {isa = PBXFileReference; lastKnownFileType = sourcecode.swift; path = Data.swift; sourceTree = "<group>"; };
		1936CA8324742C5B00B5F5B4 /* StatusBar.swift */ = {isa = PBXFileReference; lastKnownFileType = sourcecode.swift; path = StatusBar.swift; sourceTree = "<group>"; };
		1936CA8524742D6800B5F5B4 /* SudokuGridView.swift */ = {isa = PBXFileReference; lastKnownFileType = sourcecode.swift; path = SudokuGridView.swift; sourceTree = "<group>"; };
		1954D09225C42A3B00FD5235 /* SettingsSwitch.swift */ = {isa = PBXFileReference; lastKnownFileType = sourcecode.swift; path = SettingsSwitch.swift; sourceTree = "<group>"; };
		1954D09725C44B5F00FD5235 /* SettingsButton.swift */ = {isa = PBXFileReference; lastKnownFileType = sourcecode.swift; path = SettingsButton.swift; sourceTree = "<group>"; };
		1963DC6128BE9D35003334EE /* en */ = {isa = PBXFileReference; lastKnownFileType = text.plist.strings; name = en; path = en.lproj/Localizable.strings; sourceTree = "<group>"; };
		1963DC6328BE9D5E003334EE /* de */ = {isa = PBXFileReference; lastKnownFileType = text.plist.strings; name = de; path = de.lproj/Localizable.strings; sourceTree = "<group>"; };
		1963DC6428BF69FC003334EE /* Sudoku.entitlements */ = {isa = PBXFileReference; lastKnownFileType = text.plist.entitlements; path = Sudoku.entitlements; sourceTree = "<group>"; };
		1971836A247430F20031B501 /* Keyboard.swift */ = {isa = PBXFileReference; lastKnownFileType = sourcecode.swift; path = Keyboard.swift; sourceTree = "<group>"; };
		1971836C247441FF0031B501 /* SudokuBlockView.swift */ = {isa = PBXFileReference; lastKnownFileType = sourcecode.swift; path = SudokuBlockView.swift; sourceTree = "<group>"; };
		1971836E247442D00031B501 /* SudokuFieldView.swift */ = {isa = PBXFileReference; lastKnownFileType = sourcecode.swift; path = SudokuFieldView.swift; sourceTree = "<group>"; };
		1971837224744D850031B501 /* Position.swift */ = {isa = PBXFileReference; lastKnownFileType = sourcecode.swift; path = Position.swift; sourceTree = "<group>"; };
		19741F8925C5611100FA94CB /* Difficulty.swift */ = {isa = PBXFileReference; lastKnownFileType = sourcecode.swift; path = Difficulty.swift; sourceTree = "<group>"; };
		19741F8D25C578FE00FA94CB /* EndCardView.swift */ = {isa = PBXFileReference; lastKnownFileType = sourcecode.swift; path = EndCardView.swift; sourceTree = "<group>"; };
		1977F75F249CF950008C0736 /* Timer.swift */ = {isa = PBXFileReference; lastKnownFileType = sourcecode.swift; path = Timer.swift; sourceTree = "<group>"; };
		1978974C260C7D9A009FFBDE /* NotesCheck.swift */ = {isa = PBXFileReference; lastKnownFileType = sourcecode.swift; path = NotesCheck.swift; sourceTree = "<group>"; };
		1983564B2469ADDC00A718BF /* Sudoku.app */ = {isa = PBXFileReference; explicitFileType = wrapper.application; includeInIndex = 0; path = Sudoku.app; sourceTree = BUILT_PRODUCTS_DIR; };
		1983564E2469ADDC00A718BF /* AppDelegate.swift */ = {isa = PBXFileReference; lastKnownFileType = sourcecode.swift; path = AppDelegate.swift; sourceTree = "<group>"; };
		198356502469ADDC00A718BF /* SceneDelegate.swift */ = {isa = PBXFileReference; lastKnownFileType = sourcecode.swift; path = SceneDelegate.swift; sourceTree = "<group>"; };
		198356542469ADDD00A718BF /* Assets.xcassets */ = {isa = PBXFileReference; lastKnownFileType = folder.assetcatalog; path = Assets.xcassets; sourceTree = "<group>"; };
		198356572469ADDD00A718BF /* Preview Assets.xcassets */ = {isa = PBXFileReference; lastKnownFileType = folder.assetcatalog; path = "Preview Assets.xcassets"; sourceTree = "<group>"; };
		1983565A2469ADDD00A718BF /* Base */ = {isa = PBXFileReference; lastKnownFileType = file.storyboard; name = Base; path = Base.lproj/LaunchScreen.storyboard; sourceTree = "<group>"; };
		1983565C2469ADDD00A718BF /* Info.plist */ = {isa = PBXFileReference; lastKnownFileType = text.plist.xml; path = Info.plist; sourceTree = "<group>"; };
		1989812925C83C7C009BAAC3 /* EndCardStatistics.swift */ = {isa = PBXFileReference; lastKnownFileType = sourcecode.swift; path = EndCardStatistics.swift; sourceTree = "<group>"; };
		1989812C25C84496009BAAC3 /* StatisticsCard.swift */ = {isa = PBXFileReference; lastKnownFileType = sourcecode.swift; path = StatisticsCard.swift; sourceTree = "<group>"; };
		199FF28F2609F09900CB76F8 /* LinkShortener.swift */ = {isa = PBXFileReference; lastKnownFileType = sourcecode.swift; path = LinkShortener.swift; sourceTree = "<group>"; };
		199FF2932609F34400CB76F8 /* ShareClass.swift */ = {isa = PBXFileReference; lastKnownFileType = sourcecode.swift; path = ShareClass.swift; sourceTree = "<group>"; };
		199FF296260A20B700CB76F8 /* Colors.xcassets */ = {isa = PBXFileReference; lastKnownFileType = folder.assetcatalog; path = Colors.xcassets; sourceTree = "<group>"; };
		19AE0CF42803143000D81B10 /* SudokuUnitTests.xctest */ = {isa = PBXFileReference; explicitFileType = wrapper.cfbundle; includeInIndex = 0; path = SudokuUnitTests.xctest; sourceTree = BUILT_PRODUCTS_DIR; };
		19AE0CFD2803148900D81B10 /* SudokuTests.swift */ = {isa = PBXFileReference; lastKnownFileType = sourcecode.swift; path = SudokuTests.swift; sourceTree = "<group>"; };
		19BC106F27ECCEEA0019F8A5 /* cloneGenerator.sh */ = {isa = PBXFileReference; lastKnownFileType = text.script.sh; path = cloneGenerator.sh; sourceTree = "<group>"; };
		19DDDFAF262C6C4600BB072B /* Bridging-Header.h */ = {isa = PBXFileReference; lastKnownFileType = sourcecode.c.h; path = "Bridging-Header.h"; sourceTree = "<group>"; };
		19F5D29925C1AD52000C5B37 /* SettingsView.swift */ = {isa = PBXFileReference; lastKnownFileType = sourcecode.swift; path = SettingsView.swift; sourceTree = "<group>"; };
		19F5D29E25C1ADEA000C5B37 /* StatisticsView.swift */ = {isa = PBXFileReference; lastKnownFileType = sourcecode.swift; path = StatisticsView.swift; sourceTree = "<group>"; };
		19F5D2AA25C1B179000C5B37 /* SudokuView.swift */ = {isa = PBXFileReference; lastKnownFileType = sourcecode.swift; path = SudokuView.swift; sourceTree = "<group>"; };
		19F6BFD027ED0064005558D4 /* Sudoku.h */ = {isa = PBXFileReference; fileEncoding = 4; lastKnownFileType = sourcecode.c.h; path = Sudoku.h; sourceTree = "<group>"; };
		19F6BFD127ED0064005558D4 /* Number.h */ = {isa = PBXFileReference; fileEncoding = 4; lastKnownFileType = sourcecode.c.h; path = Number.h; sourceTree = "<group>"; };
		19F6BFD227ED0064005558D4 /* Sudoku.c */ = {isa = PBXFileReference; fileEncoding = 4; lastKnownFileType = sourcecode.c.c; path = Sudoku.c; sourceTree = "<group>"; };
		19F6BFD327ED0064005558D4 /* Block.h */ = {isa = PBXFileReference; fileEncoding = 4; lastKnownFileType = sourcecode.c.h; path = Block.h; sourceTree = "<group>"; };
		19F6BFD427ED0064005558D4 /* Block.c */ = {isa = PBXFileReference; fileEncoding = 4; lastKnownFileType = sourcecode.c.c; path = Block.c; sourceTree = "<group>"; };
		19F6BFD527ED0065005558D4 /* CMakeLists.txt */ = {isa = PBXFileReference; fileEncoding = 4; lastKnownFileType = text; path = CMakeLists.txt; sourceTree = "<group>"; };
		19F6BFD627ED0065005558D4 /* Number.c */ = {isa = PBXFileReference; fileEncoding = 4; lastKnownFileType = sourcecode.c.c; path = Number.c; sourceTree = "<group>"; };
		19F6BFDB27ED00A8005558D4 /* Generator.swift */ = {isa = PBXFileReference; lastKnownFileType = sourcecode.swift; path = Generator.swift; sourceTree = "<group>"; };
		19F6BFDD27ED01FB005558D4 /* Sudoku.swift */ = {isa = PBXFileReference; lastKnownFileType = sourcecode.swift; path = Sudoku.swift; sourceTree = "<group>"; };
		19F6BFDF27ED0203005558D4 /* Block.swift */ = {isa = PBXFileReference; lastKnownFileType = sourcecode.swift; path = Block.swift; sourceTree = "<group>"; };
		19F6BFE127ED020D005558D4 /* Number.swift */ = {isa = PBXFileReference; lastKnownFileType = sourcecode.swift; path = Number.swift; sourceTree = "<group>"; };
		19F8E2D6247D46D400DB8EBD /* FieldColor.swift */ = {isa = PBXFileReference; lastKnownFileType = sourcecode.swift; path = FieldColor.swift; sourceTree = "<group>"; };
		1EC0D037539C66440171D4F7 /* Statistics.swift */ = {isa = PBXFileReference; fileEncoding = 4; lastKnownFileType = sourcecode.swift; path = Statistics.swift; sourceTree = "<group>"; };
		1EC0D1C1D256F1DCEE897514 /* StatisticsTests.swift */ = {isa = PBXFileReference; fileEncoding = 4; lastKnownFileType = sourcecode.swift; path = StatisticsTests.swift; sourceTree = "<group>"; };
		1EC0D55ADE94D3C619A71D22 /* LinkShortenerTests.swift */ = {isa = PBXFileReference; fileEncoding = 4; lastKnownFileType = sourcecode.swift; path = LinkShortenerTests.swift; sourceTree = "<group>"; };
		1EC0DC481CF518F3B1ACA0C6 /* MainModel.swift */ = {isa = PBXFileReference; fileEncoding = 4; lastKnownFileType = sourcecode.swift; path = MainModel.swift; sourceTree = "<group>"; };
		1EC0DC693B72B4BAC81BDEB9 /* ShareClassTests.swift */ = {isa = PBXFileReference; fileEncoding = 4; lastKnownFileType = sourcecode.swift; path = ShareClassTests.swift; sourceTree = "<group>"; };
		1EC0DDDD3A7E7CC382D763CF /* NumberTests.swift */ = {isa = PBXFileReference; fileEncoding = 4; lastKnownFileType = sourcecode.swift; path = NumberTests.swift; sourceTree = "<group>"; };
/* End PBXFileReference section */

/* Begin PBXFrameworksBuildPhase section */
		198356482469ADDC00A718BF /* Frameworks */ = {
			isa = PBXFrameworksBuildPhase;
			buildActionMask = 2147483647;
			files = (
			);
			runOnlyForDeploymentPostprocessing = 0;
		};
		19AE0CF12803143000D81B10 /* Frameworks */ = {
			isa = PBXFrameworksBuildPhase;
			buildActionMask = 2147483647;
			files = (
			);
			runOnlyForDeploymentPostprocessing = 0;
		};
/* End PBXFrameworksBuildPhase section */

/* Begin PBXGroup section */
		1954D08C25C429E100FD5235 /* Settings */ = {
			isa = PBXGroup;
			children = (
				19F5D29925C1AD52000C5B37 /* SettingsView.swift */,
				1954D09225C42A3B00FD5235 /* SettingsSwitch.swift */,
				1954D09725C44B5F00FD5235 /* SettingsButton.swift */,
			);
			path = Settings;
			sourceTree = "<group>";
		};
		1954D08D25C429E800FD5235 /* Statistics */ = {
			isa = PBXGroup;
			children = (
				19F5D29E25C1ADEA000C5B37 /* StatisticsView.swift */,
				1989812C25C84496009BAAC3 /* StatisticsCard.swift */,
			);
			path = Statistics;
			sourceTree = "<group>";
		};
		1970CF2B2469FD3A000C8722 /* Logic */ = {
			isa = PBXGroup;
			children = (
				19BC106E27ECCED20019F8A5 /* Generator */,
				1978974B260C7D26009FFBDE /* Game */,
				199FF2922609F33800CB76F8 /* Share */,
				19F5A24F247AD2180069B62E /* Sudoku */,
				1970CF2C2469FD45000C8722 /* Help */,
				1921F8EB24B5CECB00816FD7 /* Data.swift */,
				1EC0DC481CF518F3B1ACA0C6 /* MainModel.swift */,
			);
			path = Logic;
			sourceTree = "<group>";
		};
		1970CF2C2469FD45000C8722 /* Help */ = {
			isa = PBXGroup;
			children = (
				1971837224744D850031B501 /* Position.swift */,
				19741F8925C5611100FA94CB /* Difficulty.swift */,
				1EC0D037539C66440171D4F7 /* Statistics.swift */,
			);
			path = Help;
			sourceTree = "<group>";
		};
		19741F8C25C578E500FA94CB /* EndCard */ = {
			isa = PBXGroup;
			children = (
				19741F8D25C578FE00FA94CB /* EndCardView.swift */,
				1989812925C83C7C009BAAC3 /* EndCardStatistics.swift */,
			);
			path = EndCard;
			sourceTree = "<group>";
		};
		1978974B260C7D26009FFBDE /* Game */ = {
			isa = PBXGroup;
			children = (
				19F8E2D6247D46D400DB8EBD /* FieldColor.swift */,
				1977F75F249CF950008C0736 /* Timer.swift */,
				1978974C260C7D9A009FFBDE /* NotesCheck.swift */,
			);
			path = Game;
			sourceTree = "<group>";
		};
		198356422469ADDC00A718BF = {
			isa = PBXGroup;
			children = (
				1963DC6228BE9D35003334EE /* Localizable.strings */,
				19BC106F27ECCEEA0019F8A5 /* cloneGenerator.sh */,
				1983564D2469ADDC00A718BF /* Sudoku */,
				19AE0CF52803143000D81B10 /* SudokuUnitTests */,
				1983564C2469ADDC00A718BF /* Products */,
			);
			sourceTree = "<group>";
		};
		1983564C2469ADDC00A718BF /* Products */ = {
			isa = PBXGroup;
			children = (
				1983564B2469ADDC00A718BF /* Sudoku.app */,
				19AE0CF42803143000D81B10 /* SudokuUnitTests.xctest */,
			);
			name = Products;
			sourceTree = "<group>";
		};
		1983564D2469ADDC00A718BF /* Sudoku */ = {
			isa = PBXGroup;
			children = (
				1963DC6428BF69FC003334EE /* Sudoku.entitlements */,
				19B2509C2474268F00478BDD /* Gui */,
				1970CF2B2469FD3A000C8722 /* Logic */,
				1983564E2469ADDC00A718BF /* AppDelegate.swift */,
				198356502469ADDC00A718BF /* SceneDelegate.swift */,
				198356542469ADDD00A718BF /* Assets.xcassets */,
				198356592469ADDD00A718BF /* LaunchScreen.storyboard */,
				1983565C2469ADDD00A718BF /* Info.plist */,
				198356562469ADDD00A718BF /* Preview Content */,
				199FF296260A20B700CB76F8 /* Colors.xcassets */,
			);
			path = Sudoku;
			sourceTree = "<group>";
		};
		198356562469ADDD00A718BF /* Preview Content */ = {
			isa = PBXGroup;
			children = (
				198356572469ADDD00A718BF /* Preview Assets.xcassets */,
			);
			path = "Preview Content";
			sourceTree = "<group>";
		};
		199FF2922609F33800CB76F8 /* Share */ = {
			isa = PBXGroup;
			children = (
				199FF28F2609F09900CB76F8 /* LinkShortener.swift */,
				199FF2932609F34400CB76F8 /* ShareClass.swift */,
			);
			path = Share;
			sourceTree = "<group>";
		};
		19AE0CF52803143000D81B10 /* SudokuUnitTests */ = {
			isa = PBXGroup;
			children = (
				1EC0DED4C1F74F9FBC6BA431 /* Sudoku */,
				1EC0DED573B811F3CF88194E /* Help */,
				1EC0D7AC109DC9146B424287 /* Share */,
			);
			path = SudokuUnitTests;
			sourceTree = "<group>";
		};
		19B2509C2474268F00478BDD /* Gui */ = {
			isa = PBXGroup;
			children = (
				19741F8C25C578E500FA94CB /* EndCard */,
				1954D08D25C429E800FD5235 /* Statistics */,
				1954D08C25C429E100FD5235 /* Settings */,
				19F5D29625C1AC96000C5B37 /* Sudoku */,
			);
			path = Gui;
			sourceTree = "<group>";
		};
		19BC106E27ECCED20019F8A5 /* Generator */ = {
			isa = PBXGroup;
			children = (
				19DDDFAF262C6C4600BB072B /* Bridging-Header.h */,
				19F6BFD427ED0064005558D4 /* Block.c */,
				19F6BFD327ED0064005558D4 /* Block.h */,
				19F6BFD527ED0065005558D4 /* CMakeLists.txt */,
				19F6BFD627ED0065005558D4 /* Number.c */,
				19F6BFD127ED0064005558D4 /* Number.h */,
				19F6BFD227ED0064005558D4 /* Sudoku.c */,
				19F6BFD027ED0064005558D4 /* Sudoku.h */,
				19F6BFDB27ED00A8005558D4 /* Generator.swift */,
			);
			path = Generator;
			sourceTree = "<group>";
		};
		19F5A24F247AD2180069B62E /* Sudoku */ = {
			isa = PBXGroup;
			children = (
				19F6BFDD27ED01FB005558D4 /* Sudoku.swift */,
				19F6BFDF27ED0203005558D4 /* Block.swift */,
				19F6BFE127ED020D005558D4 /* Number.swift */,
			);
			path = Sudoku;
			sourceTree = "<group>";
		};
		19F5D29625C1AC96000C5B37 /* Sudoku */ = {
			isa = PBXGroup;
			children = (
				1936CA8324742C5B00B5F5B4 /* StatusBar.swift */,
				1971836A247430F20031B501 /* Keyboard.swift */,
				19F5D2A825C1B14D000C5B37 /* Grid */,
				19F5D2AA25C1B179000C5B37 /* SudokuView.swift */,
			);
			path = Sudoku;
			sourceTree = "<group>";
		};
		19F5D2A825C1B14D000C5B37 /* Grid */ = {
			isa = PBXGroup;
			children = (
				1936CA8524742D6800B5F5B4 /* SudokuGridView.swift */,
				1971836C247441FF0031B501 /* SudokuBlockView.swift */,
				1971836E247442D00031B501 /* SudokuFieldView.swift */,
			);
			path = Grid;
			sourceTree = "<group>";
		};
		1EC0D7AC109DC9146B424287 /* Share */ = {
			isa = PBXGroup;
			children = (
				1EC0D55ADE94D3C619A71D22 /* LinkShortenerTests.swift */,
				1EC0DC693B72B4BAC81BDEB9 /* ShareClassTests.swift */,
			);
			path = Share;
			sourceTree = "<group>";
		};
		1EC0DED4C1F74F9FBC6BA431 /* Sudoku */ = {
			isa = PBXGroup;
			children = (
				19AE0CFD2803148900D81B10 /* SudokuTests.swift */,
				1EC0DDDD3A7E7CC382D763CF /* NumberTests.swift */,
			);
			path = Sudoku;
			sourceTree = "<group>";
		};
		1EC0DED573B811F3CF88194E /* Help */ = {
			isa = PBXGroup;
			children = (
				1EC0D1C1D256F1DCEE897514 /* StatisticsTests.swift */,
			);
			path = Help;
			sourceTree = "<group>";
		};
/* End PBXGroup section */

/* Begin PBXNativeTarget section */
		1983564A2469ADDC00A718BF /* Sudoku */ = {
			isa = PBXNativeTarget;
			buildConfigurationList = 1983565F2469ADDD00A718BF /* Build configuration list for PBXNativeTarget "Sudoku" */;
			buildPhases = (
				198356472469ADDC00A718BF /* Sources */,
				198356482469ADDC00A718BF /* Frameworks */,
				198356492469ADDC00A718BF /* Resources */,
			);
			buildRules = (
			);
			dependencies = (
			);
			name = Sudoku;
			productName = Sudoku;
			productReference = 1983564B2469ADDC00A718BF /* Sudoku.app */;
			productType = "com.apple.product-type.application";
		};
		19AE0CF32803143000D81B10 /* SudokuUnitTests */ = {
			isa = PBXNativeTarget;
			buildConfigurationList = 19AE0CFA2803143000D81B10 /* Build configuration list for PBXNativeTarget "SudokuUnitTests" */;
			buildPhases = (
				19AE0CF02803143000D81B10 /* Sources */,
				19AE0CF12803143000D81B10 /* Frameworks */,
				19AE0CF22803143000D81B10 /* Resources */,
			);
			buildRules = (
			);
			dependencies = (
				19AE0CF92803143000D81B10 /* PBXTargetDependency */,
			);
			name = SudokuUnitTests;
			productName = SudokuUnitTests;
			productReference = 19AE0CF42803143000D81B10 /* SudokuUnitTests.xctest */;
			productType = "com.apple.product-type.bundle.unit-test";
		};
/* End PBXNativeTarget section */

/* Begin PBXProject section */
		198356432469ADDC00A718BF /* Project object */ = {
			isa = PBXProject;
			attributes = {
				LastSwiftUpdateCheck = 1330;
				LastUpgradeCheck = 1230;
				ORGANIZATIONNAME = "Philipp Hofer";
				TargetAttributes = {
					1983564A2469ADDC00A718BF = {
						CreatedOnToolsVersion = 11.4.1;
						LastSwiftMigration = 1240;
					};
					19AE0CF32803143000D81B10 = {
						CreatedOnToolsVersion = 13.3;
						TestTargetID = 1983564A2469ADDC00A718BF;
					};
				};
			};
			buildConfigurationList = 198356462469ADDC00A718BF /* Build configuration list for PBXProject "Sudoku" */;
			compatibilityVersion = "Xcode 9.3";
			developmentRegion = en;
			hasScannedForEncodings = 0;
			knownRegions = (
				en,
				Base,
				de,
			);
			mainGroup = 198356422469ADDC00A718BF;
			productRefGroup = 1983564C2469ADDC00A718BF /* Products */;
			projectDirPath = "";
			projectRoot = "";
			targets = (
				1983564A2469ADDC00A718BF /* Sudoku */,
				19AE0CF32803143000D81B10 /* SudokuUnitTests */,
			);
		};
/* End PBXProject section */

/* Begin PBXResourcesBuildPhase section */
		198356492469ADDC00A718BF /* Resources */ = {
			isa = PBXResourcesBuildPhase;
			buildActionMask = 2147483647;
			files = (
				1983565B2469ADDD00A718BF /* LaunchScreen.storyboard in Resources */,
				1963DC6028BE9D35003334EE /* Localizable.strings in Resources */,
				199FF297260A20B700CB76F8 /* Colors.xcassets in Resources */,
				198356582469ADDD00A718BF /* Preview Assets.xcassets in Resources */,
				198356552469ADDD00A718BF /* Assets.xcassets in Resources */,
				19F6BFD927ED0065005558D4 /* CMakeLists.txt in Resources */,
			);
			runOnlyForDeploymentPostprocessing = 0;
		};
		19AE0CF22803143000D81B10 /* Resources */ = {
			isa = PBXResourcesBuildPhase;
			buildActionMask = 2147483647;
			files = (
			);
			runOnlyForDeploymentPostprocessing = 0;
		};
/* End PBXResourcesBuildPhase section */

/* Begin PBXSourcesBuildPhase section */
		198356472469ADDC00A718BF /* Sources */ = {
			isa = PBXSourcesBuildPhase;
			buildActionMask = 2147483647;
			files = (
				19F5D2AB25C1B179000C5B37 /* SudokuView.swift in Sources */,
				19F6BFDE27ED01FB005558D4 /* Sudoku.swift in Sources */,
				19F6BFDA27ED0065005558D4 /* Number.c in Sources */,
				19F5D29A25C1AD52000C5B37 /* SettingsView.swift in Sources */,
				1983564F2469ADDC00A718BF /* AppDelegate.swift in Sources */,
				1954D09325C42A3B00FD5235 /* SettingsSwitch.swift in Sources */,
				198356512469ADDC00A718BF /* SceneDelegate.swift in Sources */,
				199FF2902609F09900CB76F8 /* LinkShortener.swift in Sources */,
				19741F8E25C578FE00FA94CB /* EndCardView.swift in Sources */,
				1971836D247441FF0031B501 /* SudokuBlockView.swift in Sources */,
				1989812D25C84496009BAAC3 /* StatisticsCard.swift in Sources */,
				19741F8A25C5611100FA94CB /* Difficulty.swift in Sources */,
				1971836F247442D00031B501 /* SudokuFieldView.swift in Sources */,
				1971836B247430F20031B501 /* Keyboard.swift in Sources */,
				19F6BFE227ED020D005558D4 /* Number.swift in Sources */,
				199FF2942609F34400CB76F8 /* ShareClass.swift in Sources */,
				1921F8EC24B5CECB00816FD7 /* Data.swift in Sources */,
				1977F760249CF950008C0736 /* Timer.swift in Sources */,
				1936CA8424742C5B00B5F5B4 /* StatusBar.swift in Sources */,
				19F5D29F25C1ADEA000C5B37 /* StatisticsView.swift in Sources */,
				19F6BFDC27ED00A8005558D4 /* Generator.swift in Sources */,
				1954D09825C44B5F00FD5235 /* SettingsButton.swift in Sources */,
				19F6BFD827ED0065005558D4 /* Block.c in Sources */,
				19F6BFD727ED0065005558D4 /* Sudoku.c in Sources */,
				19F6BFE027ED0203005558D4 /* Block.swift in Sources */,
				1989812A25C83C7C009BAAC3 /* EndCardStatistics.swift in Sources */,
				1971837324744D850031B501 /* Position.swift in Sources */,
				1978974D260C7D9A009FFBDE /* NotesCheck.swift in Sources */,
				1936CA8624742D6800B5F5B4 /* SudokuGridView.swift in Sources */,
				19F8E2D7247D46D400DB8EBD /* FieldColor.swift in Sources */,
				1EC0D559A5F6853997501FBE /* MainModel.swift in Sources */,
				1EC0D727715CC530E8847A62 /* Statistics.swift in Sources */,
			);
			runOnlyForDeploymentPostprocessing = 0;
		};
		19AE0CF02803143000D81B10 /* Sources */ = {
			isa = PBXSourcesBuildPhase;
			buildActionMask = 2147483647;
			files = (
				19AE0CFE2803148900D81B10 /* SudokuTests.swift in Sources */,
				1EC0D9F842CDEBF89FCB39B5 /* NumberTests.swift in Sources */,
				1EC0D0047731E178F073D7E1 /* StatisticsTests.swift in Sources */,
				1EC0D69066D797E6DE2C6C41 /* LinkShortenerTests.swift in Sources */,
				1EC0D0722B86CAAFED1C5543 /* ShareClassTests.swift in Sources */,
			);
			runOnlyForDeploymentPostprocessing = 0;
		};
/* End PBXSourcesBuildPhase section */

/* Begin PBXTargetDependency section */
		19AE0CF92803143000D81B10 /* PBXTargetDependency */ = {
			isa = PBXTargetDependency;
			target = 1983564A2469ADDC00A718BF /* Sudoku */;
			targetProxy = 19AE0CF82803143000D81B10 /* PBXContainerItemProxy */;
		};
/* End PBXTargetDependency section */

/* Begin PBXVariantGroup section */
		1963DC6228BE9D35003334EE /* Localizable.strings */ = {
			isa = PBXVariantGroup;
			children = (
				1963DC6128BE9D35003334EE /* en */,
				1963DC6328BE9D5E003334EE /* de */,
			);
			name = Localizable.strings;
			sourceTree = "<group>";
		};
		198356592469ADDD00A718BF /* LaunchScreen.storyboard */ = {
			isa = PBXVariantGroup;
			children = (
				1983565A2469ADDD00A718BF /* Base */,
			);
			name = LaunchScreen.storyboard;
			sourceTree = "<group>";
		};
/* End PBXVariantGroup section */

/* Begin XCBuildConfiguration section */
		1983565D2469ADDD00A718BF /* Debug */ = {
			isa = XCBuildConfiguration;
			buildSettings = {
				ALWAYS_SEARCH_USER_PATHS = NO;
				CLANG_ANALYZER_LOCALIZABILITY_NONLOCALIZED = YES;
				CLANG_ANALYZER_NONNULL = YES;
				CLANG_ANALYZER_NUMBER_OBJECT_CONVERSION = YES_AGGRESSIVE;
				CLANG_CXX_LANGUAGE_STANDARD = "gnu++14";
				CLANG_CXX_LIBRARY = "libc++";
				CLANG_ENABLE_MODULES = YES;
				CLANG_ENABLE_OBJC_ARC = YES;
				CLANG_ENABLE_OBJC_WEAK = YES;
				CLANG_WARN_BLOCK_CAPTURE_AUTORELEASING = YES;
				CLANG_WARN_BOOL_CONVERSION = YES;
				CLANG_WARN_COMMA = YES;
				CLANG_WARN_CONSTANT_CONVERSION = YES;
				CLANG_WARN_DEPRECATED_OBJC_IMPLEMENTATIONS = YES;
				CLANG_WARN_DIRECT_OBJC_ISA_USAGE = YES_ERROR;
				CLANG_WARN_DOCUMENTATION_COMMENTS = YES;
				CLANG_WARN_EMPTY_BODY = YES;
				CLANG_WARN_ENUM_CONVERSION = YES;
				CLANG_WARN_INFINITE_RECURSION = YES;
				CLANG_WARN_INT_CONVERSION = YES;
				CLANG_WARN_NON_LITERAL_NULL_CONVERSION = YES;
				CLANG_WARN_OBJC_IMPLICIT_RETAIN_SELF = YES;
				CLANG_WARN_OBJC_LITERAL_CONVERSION = YES;
				CLANG_WARN_OBJC_ROOT_CLASS = YES_ERROR;
				CLANG_WARN_QUOTED_INCLUDE_IN_FRAMEWORK_HEADER = YES;
				CLANG_WARN_RANGE_LOOP_ANALYSIS = YES;
				CLANG_WARN_STRICT_PROTOTYPES = YES;
				CLANG_WARN_SUSPICIOUS_MOVE = YES;
				CLANG_WARN_UNGUARDED_AVAILABILITY = YES_AGGRESSIVE;
				CLANG_WARN_UNREACHABLE_CODE = YES;
				CLANG_WARN__DUPLICATE_METHOD_MATCH = YES;
				COPY_PHASE_STRIP = NO;
				DEBUG_INFORMATION_FORMAT = dwarf;
				ENABLE_STRICT_OBJC_MSGSEND = YES;
				ENABLE_TESTABILITY = YES;
				GCC_C_LANGUAGE_STANDARD = gnu11;
				GCC_DYNAMIC_NO_PIC = NO;
				GCC_NO_COMMON_BLOCKS = YES;
				GCC_OPTIMIZATION_LEVEL = 0;
				GCC_PREPROCESSOR_DEFINITIONS = (
					"DEBUG=1",
					"$(inherited)",
				);
				GCC_WARN_64_TO_32_BIT_CONVERSION = YES;
				GCC_WARN_ABOUT_RETURN_TYPE = YES_ERROR;
				GCC_WARN_UNDECLARED_SELECTOR = YES;
				GCC_WARN_UNINITIALIZED_AUTOS = YES_AGGRESSIVE;
				GCC_WARN_UNUSED_FUNCTION = YES;
				GCC_WARN_UNUSED_VARIABLE = YES;
				IPHONEOS_DEPLOYMENT_TARGET = 14.0;
				MTL_ENABLE_DEBUG_INFO = INCLUDE_SOURCE;
				MTL_FAST_MATH = YES;
				ONLY_ACTIVE_ARCH = YES;
				SDKROOT = iphoneos;
				SWIFT_ACTIVE_COMPILATION_CONDITIONS = DEBUG;
				SWIFT_OPTIMIZATION_LEVEL = "-Onone";
			};
			name = Debug;
		};
		1983565E2469ADDD00A718BF /* Release */ = {
			isa = XCBuildConfiguration;
			buildSettings = {
				ALWAYS_SEARCH_USER_PATHS = NO;
				CLANG_ANALYZER_LOCALIZABILITY_NONLOCALIZED = YES;
				CLANG_ANALYZER_NONNULL = YES;
				CLANG_ANALYZER_NUMBER_OBJECT_CONVERSION = YES_AGGRESSIVE;
				CLANG_CXX_LANGUAGE_STANDARD = "gnu++14";
				CLANG_CXX_LIBRARY = "libc++";
				CLANG_ENABLE_MODULES = YES;
				CLANG_ENABLE_OBJC_ARC = YES;
				CLANG_ENABLE_OBJC_WEAK = YES;
				CLANG_WARN_BLOCK_CAPTURE_AUTORELEASING = YES;
				CLANG_WARN_BOOL_CONVERSION = YES;
				CLANG_WARN_COMMA = YES;
				CLANG_WARN_CONSTANT_CONVERSION = YES;
				CLANG_WARN_DEPRECATED_OBJC_IMPLEMENTATIONS = YES;
				CLANG_WARN_DIRECT_OBJC_ISA_USAGE = YES_ERROR;
				CLANG_WARN_DOCUMENTATION_COMMENTS = YES;
				CLANG_WARN_EMPTY_BODY = YES;
				CLANG_WARN_ENUM_CONVERSION = YES;
				CLANG_WARN_INFINITE_RECURSION = YES;
				CLANG_WARN_INT_CONVERSION = YES;
				CLANG_WARN_NON_LITERAL_NULL_CONVERSION = YES;
				CLANG_WARN_OBJC_IMPLICIT_RETAIN_SELF = YES;
				CLANG_WARN_OBJC_LITERAL_CONVERSION = YES;
				CLANG_WARN_OBJC_ROOT_CLASS = YES_ERROR;
				CLANG_WARN_QUOTED_INCLUDE_IN_FRAMEWORK_HEADER = YES;
				CLANG_WARN_RANGE_LOOP_ANALYSIS = YES;
				CLANG_WARN_STRICT_PROTOTYPES = YES;
				CLANG_WARN_SUSPICIOUS_MOVE = YES;
				CLANG_WARN_UNGUARDED_AVAILABILITY = YES_AGGRESSIVE;
				CLANG_WARN_UNREACHABLE_CODE = YES;
				CLANG_WARN__DUPLICATE_METHOD_MATCH = YES;
				COPY_PHASE_STRIP = NO;
				DEBUG_INFORMATION_FORMAT = "dwarf-with-dsym";
				ENABLE_NS_ASSERTIONS = NO;
				ENABLE_STRICT_OBJC_MSGSEND = YES;
				GCC_C_LANGUAGE_STANDARD = gnu11;
				GCC_NO_COMMON_BLOCKS = YES;
				GCC_WARN_64_TO_32_BIT_CONVERSION = YES;
				GCC_WARN_ABOUT_RETURN_TYPE = YES_ERROR;
				GCC_WARN_UNDECLARED_SELECTOR = YES;
				GCC_WARN_UNINITIALIZED_AUTOS = YES_AGGRESSIVE;
				GCC_WARN_UNUSED_FUNCTION = YES;
				GCC_WARN_UNUSED_VARIABLE = YES;
				IPHONEOS_DEPLOYMENT_TARGET = 14.0;
				MTL_ENABLE_DEBUG_INFO = NO;
				MTL_FAST_MATH = YES;
				SDKROOT = iphoneos;
				SWIFT_COMPILATION_MODE = wholemodule;
				SWIFT_OPTIMIZATION_LEVEL = "-O";
				VALIDATE_PRODUCT = YES;
			};
			name = Release;
		};
		198356602469ADDD00A718BF /* Debug */ = {
			isa = XCBuildConfiguration;
			buildSettings = {
				ASSETCATALOG_COMPILER_APPICON_NAME = AppIcon;
				CLANG_ENABLE_MODULES = YES;
				CODE_SIGN_ENTITLEMENTS = Sudoku/Sudoku.entitlements;
				CODE_SIGN_STYLE = Automatic;
				CURRENT_PROJECT_VERSION = 3;
				DEVELOPMENT_ASSET_PATHS = "\"Sudoku/Preview Content\"";
				DEVELOPMENT_TEAM = 2H8P6HWJ5W;
				ENABLE_PREVIEWS = YES;
				INFOPLIST_FILE = Sudoku/Info.plist;
				LD_RUNPATH_SEARCH_PATHS = (
					"$(inherited)",
					"@executable_path/Frameworks",
				);
				MARKETING_VERSION = 1.1;
				PRODUCT_BUNDLE_IDENTIFIER = de.philipphofer.Sudoku;
				PRODUCT_NAME = "$(TARGET_NAME)";
				SWIFT_OBJC_BRIDGING_HEADER = "Sudoku/Logic/Generator/Bridging-Header.h";
				SWIFT_OPTIMIZATION_LEVEL = "-Onone";
				SWIFT_VERSION = 5.0;
				TARGETED_DEVICE_FAMILY = 1;
			};
			name = Debug;
		};
		198356612469ADDD00A718BF /* Release */ = {
			isa = XCBuildConfiguration;
			buildSettings = {
				ASSETCATALOG_COMPILER_APPICON_NAME = AppIcon;
				CLANG_ENABLE_MODULES = YES;
				CODE_SIGN_ENTITLEMENTS = Sudoku/Sudoku.entitlements;
				CODE_SIGN_STYLE = Automatic;
				CURRENT_PROJECT_VERSION = 3;
				DEVELOPMENT_ASSET_PATHS = "\"Sudoku/Preview Content\"";
				DEVELOPMENT_TEAM = 2H8P6HWJ5W;
				ENABLE_PREVIEWS = YES;
				INFOPLIST_FILE = Sudoku/Info.plist;
				LD_RUNPATH_SEARCH_PATHS = (
					"$(inherited)",
					"@executable_path/Frameworks",
				);
				MARKETING_VERSION = 1.1;
				PRODUCT_BUNDLE_IDENTIFIER = de.philipphofer.Sudoku;
				PRODUCT_NAME = "$(TARGET_NAME)";
				SWIFT_OBJC_BRIDGING_HEADER = "Sudoku/Logic/Generator/Bridging-Header.h";
				SWIFT_VERSION = 5.0;
				TARGETED_DEVICE_FAMILY = 1;
			};
			name = Release;
		};
		19AE0CFB2803143000D81B10 /* Debug */ = {
			isa = XCBuildConfiguration;
			buildSettings = {
				BUNDLE_LOADER = "$(TEST_HOST)";
				CLANG_CXX_LANGUAGE_STANDARD = "gnu++17";
				CODE_SIGN_STYLE = Automatic;
				CURRENT_PROJECT_VERSION = 1;
				DEVELOPMENT_TEAM = 2H8P6HWJ5W;
				GENERATE_INFOPLIST_FILE = YES;
				IPHONEOS_DEPLOYMENT_TARGET = 15.4;
				MARKETING_VERSION = 1.0;
				PRODUCT_BUNDLE_IDENTIFIER = de.philpphofer.SudokuUnitTests;
				PRODUCT_NAME = "$(TARGET_NAME)";
				SWIFT_EMIT_LOC_STRINGS = NO;
				SWIFT_VERSION = 5.0;
				TARGETED_DEVICE_FAMILY = "1,2";
				TEST_HOST = "$(BUILT_PRODUCTS_DIR)/Sudoku.app/Sudoku";
			};
			name = Debug;
		};
		19AE0CFC2803143000D81B10 /* Release */ = {
			isa = XCBuildConfiguration;
			buildSettings = {
				BUNDLE_LOADER = "$(TEST_HOST)";
				CLANG_CXX_LANGUAGE_STANDARD = "gnu++17";
				CODE_SIGN_STYLE = Automatic;
				CURRENT_PROJECT_VERSION = 1;
				DEVELOPMENT_TEAM = 2H8P6HWJ5W;
				GENERATE_INFOPLIST_FILE = YES;
				IPHONEOS_DEPLOYMENT_TARGET = 15.4;
				MARKETING_VERSION = 1.0;
				PRODUCT_BUNDLE_IDENTIFIER = de.philpphofer.SudokuUnitTests;
				PRODUCT_NAME = "$(TARGET_NAME)";
				SWIFT_EMIT_LOC_STRINGS = NO;
				SWIFT_VERSION = 5.0;
				TARGETED_DEVICE_FAMILY = "1,2";
				TEST_HOST = "$(BUILT_PRODUCTS_DIR)/Sudoku.app/Sudoku";
			};
			name = Release;
		};
/* End XCBuildConfiguration section */

/* Begin XCConfigurationList section */
		198356462469ADDC00A718BF /* Build configuration list for PBXProject "Sudoku" */ = {
			isa = XCConfigurationList;
			buildConfigurations = (
				1983565D2469ADDD00A718BF /* Debug */,
				1983565E2469ADDD00A718BF /* Release */,
			);
			defaultConfigurationIsVisible = 0;
			defaultConfigurationName = Debug;
		};
		1983565F2469ADDD00A718BF /* Build configuration list for PBXNativeTarget "Sudoku" */ = {
			isa = XCConfigurationList;
			buildConfigurations = (
				198356602469ADDD00A718BF /* Debug */,
				198356612469ADDD00A718BF /* Release */,
			);
			defaultConfigurationIsVisible = 0;
			defaultConfigurationName = Debug;
		};
		19AE0CFA2803143000D81B10 /* Build configuration list for PBXNativeTarget "SudokuUnitTests" */ = {
			isa = XCConfigurationList;
			buildConfigurations = (
				19AE0CFB2803143000D81B10 /* Debug */,
				19AE0CFC2803143000D81B10 /* Release */,
			);
			defaultConfigurationIsVisible = 0;
			defaultConfigurationName = Debug;
		};
/* End XCConfigurationList section */
	};
	rootObject = 198356432469ADDC00A718BF /* Project object */;
}
